PODS:
  - OpenKuiklyIOSRender (2.7.0)
  - SDWebImage (5.21.3):
    - SDWebImage/Core (= 5.21.3)
  - SDWebImage/Core (5.21.3)
  - shared (1.0)

DEPENDENCIES:
  - OpenKuiklyIOSRender (~> 2.7.0)
  - SDWebImage
  - shared (from `../shared`)

SPEC REPOS:
  trunk:
    - OpenKuiklyIOSRender
    - SDWebImage

EXTERNAL SOURCES:
  shared:
    :path: "../shared"

SPEC CHECKSUMS:
  OpenKuiklyIOSRender: 2e6f7be3adae40f8167bb56a3e6803d1b18fd16e
  SDWebImage: 16309af6d214ba3f77a7c6f6fdda888cb313a50a
  shared: 45c4d5a3fe6bf89e105d0ff0f3587f64ad21dd48

PODFILE CHECKSUM: 10010cf4aa421711ee8f708033a2fae94c987409

COCOAPODS: 1.16.2
